{"1.2.0",
[{<<"telemetry">>,{pkg,<<"telemetry">>,<<"1.3.0">>},0},
 {<<"worker_pool">>,{pkg,<<"worker_pool">>,<<"6.0.1">>},0}]}.
[
{pkg_hash,[
 {<<"telemetry">>, <<"FEDEBBAE410D715CF8E7062C96A1EF32EC22E764197F70CDA73D82778D61E7A2">>},
 {<<"worker_pool">>, <<"CA262C2DFB3B4AF661B206C82065D86F83922B7227508AA6E0BC34D3E5AE5135">>}]},
{pkg_hash_ext,[
 {<<"telemetry">>, <<"7015FC8919DBE63764F4B4B87A95B7C0996BD539E0D499BE6EC9D7F3875B79E6">>},
 {<<"worker_pool">>, <<"772E12CCB26909EA7F804B52E86E733DF66BB8150F683B591B0A762196494C74">>}]}
].
